// !$*UTF8*$!
{
	archiveVersion = 1;
	classes = {
	};
	objectVersion = 46;
	objects = {

/* Begin PBXBuildFile section */
		ABAD63AC1C90163D00067484 /* AppDelegate.swift in Sources */ = {isa = PBXBuildFile; fileRef = ABAD63AB1C90163D00067484 /* AppDelegate.swift */; };
		ABAD63AE1C90163D00067484 /* ViewController.swift in Sources */ = {isa = PBXBuildFile; fileRef = ABAD63AD1C90163D00067484 /* ViewController.swift */; };
		ABAD63B11C90163D00067484 /* Main.storyboard in Resources */ = {isa = PBXBuildFile; fileRef = ABAD63AF1C90163D00067484 /* Main.storyboard */; };
		ABAD63B31C90163D00067484 /* Assets.xcassets in Resources */ = {isa = PBXBuildFile; fileRef = ABAD63B21C90163D00067484 /* Assets.xcassets */; };
		ABAD63B61C90163D00067484 /* LaunchScreen.storyboard in Resources */ = {isa = PBXBuildFile; fileRef = ABAD63B41C90163D00067484 /* LaunchScreen.storyboard */; };
		ABAD63C11C90163D00067484 /* mhTests.swift in Sources */ = {isa = PBXBuildFile; fileRef = ABAD63C01C90163D00067484 /* mhTests.swift */; };
		ABAD63CC1C90163D00067484 /* mhUITests.swift in Sources */ = {isa = PBXBuildFile; fileRef = ABAD63CB1C90163D00067484 /* mhUITests.swift */; };
/* End PBXBuildFile section */

/* Begin PBXContainerItemProxy section */
		ABAD63BD1C90163D00067484 /* PBXContainerItemProxy */ = {
			isa = PBXContainerItemProxy;
			containerPortal = ABAD63A01C90163D00067484 /* Project object */;
			proxyType = 1;
			remoteGlobalIDString = ABAD63A71C90163D00067484;
			remoteInfo = mh;
		};
		ABAD63C81C90163D00067484 /* PBXContainerItemProxy */ = {
			isa = PBXContainerItemProxy;
			containerPortal = ABAD63A01C90163D00067484 /* Project object */;
			proxyType = 1;
			remoteGlobalIDString = ABAD63A71C90163D00067484;
			remoteInfo = mh;
		};
/* End PBXContainerItemProxy section */

/* Begin PBXFileReference section */
		ABAD63A81C90163D00067484 /* mh.app */ = {isa = PBXFileReference; explicitFileType = wrapper.application; includeInIndex = 0; path = mh.app; sourceTree = BUILT_PRODUCTS_DIR; };
		ABAD63AB1C90163D00067484 /* AppDelegate.swift */ = {isa = PBXFileReference; lastKnownFileType = sourcecode.swift; path = AppDelegate.swift; sourceTree = "<group>"; };
		ABAD63AD1C90163D00067484 /* ViewController.swift */ = {isa = PBXFileReference; lastKnownFileType = sourcecode.swift; path = ViewController.swift; sourceTree = "<group>"; };
		ABAD63B01C90163D00067484 /* Base */ = {isa = PBXFileReference; lastKnownFileType = file.storyboard; name = Base; path = Base.lproj/Main.storyboard; sourceTree = "<group>"; };
		ABAD63B21C90163D00067484 /* Assets.xcassets */ = {isa = PBXFileReference; lastKnownFileType = folder.assetcatalog; path = Assets.xcassets; sourceTree = "<group>"; };
		ABAD63B51C90163D00067484 /* Base */ = {isa = PBXFileReference; lastKnownFileType = file.storyboard; name = Base; path = Base.lproj/LaunchScreen.storyboard; sourceTree = "<group>"; };
		ABAD63B71C90163D00067484 /* Info.plist */ = {isa = PBXFileReference; lastKnownFileType = text.plist.xml; path = Info.plist; sourceTree = "<group>"; };
		ABAD63BC1C90163D00067484 /* mhTests.xctest */ = {isa = PBXFileReference; explicitFileType = wrapper.cfbundle; includeInIndex = 0; path = mhTests.xctest; sourceTree = BUILT_PRODUCTS_DIR; };
		ABAD63C01C90163D00067484 /* mhTests.swift */ = {isa = PBXFileReference; lastKnownFileType = sourcecode.swift; path = mhTests.swift; sourceTree = "<group>"; };
		ABAD63C21C90163D00067484 /* Info.plist */ = {isa = PBXFileReference; lastKnownFileType = text.plist.xml; path = Info.plist; sourceTree = "<group>"; };
		ABAD63C71C90163D00067484 /* mhUITests.xctest */ = {isa = PBXFileReference; explicitFileType = wrapper.cfbundle; includeInIndex = 0; path = mhUITests.xctest; sourceTree = BUILT_PRODUCTS_DIR; };
		ABAD63CB1C90163D00067484 /* mhUITests.swift */ = {isa = PBXFileReference; lastKnownFileType = sourcecode.swift; path = mhUITests.swift; sourceTree = "<group>"; };
		ABAD63CD1C90163D00067484 /* Info.plist */ = {isa = PBXFileReference; lastKnownFileType = text.plist.xml; path = Info.plist; sourceTree = "<group>"; };
/* End PBXFileReference section */

/* Begin PBXFrameworksBuildPhase section */
		ABAD63A51C90163D00067484 /* Frameworks */ = {
			isa = PBXFrameworksBuildPhase;
			buildActionMask = 2147483647;
			files = (
			);
			runOnlyForDeploymentPostprocessing = 0;
		};
		ABAD63B91C90163D00067484 /* Frameworks */ = {
			isa = PBXFrameworksBuildPhase;
			buildActionMask = 2147483647;
			files = (
			);
			runOnlyForDeploymentPostprocessing = 0;
		};
		ABAD63C41C90163D00067484 /* Frameworks */ = {
			isa = PBXFrameworksBuildPhase;
			buildActionMask = 2147483647;
			files = (
			);
			runOnlyForDeploymentPostprocessing = 0;
		};
/* End PBXFrameworksBuildPhase section */

/* Begin PBXGroup section */
		ABAD639F1C90163D00067484 = {
			isa = PBXGroup;
			children = (
				ABAD63AA1C90163D00067484 /* mh */,
				ABAD63BF1C90163D00067484 /* mhTests */,
				ABAD63CA1C90163D00067484 /* mhUITests */,
				ABAD63A91C90163D00067484 /* Products */,
			);
			sourceTree = "<group>";
		};
		ABAD63A91C90163D00067484 /* Products */ = {
			isa = PBXGroup;
			children = (
				ABAD63A81C90163D00067484 /* mh.app */,
				ABAD63BC1C90163D00067484 /* mhTests.xctest */,
				ABAD63C71C90163D00067484 /* mhUITests.xctest */,
			);
			name = Products;
			sourceTree = "<group>";
		};
		ABAD63AA1C90163D00067484 /* mh */ = {
			isa = PBXGroup;
			children = (
				ABAD63AB1C90163D00067484 /* AppDelegate.swift */,
				ABAD63AD1C90163D00067484 /* ViewController.swift */,
				ABAD63AF1C90163D00067484 /* Main.storyboard */,
				ABAD63B21C90163D00067484 /* Assets.xcassets */,
				ABAD63B41C90163D00067484 /* LaunchScreen.storyboard */,
				ABAD63B71C90163D00067484 /* Info.plist */,
			);
			path = mh;
			sourceTree = "<group>";
		};
		ABAD63BF1C90163D00067484 /* mhTests */ = {
			isa = PBXGroup;
			children = (
				ABAD63C01C90163D00067484 /* mhTests.swift */,
				ABAD63C21C90163D00067484 /* Info.plist */,
			);
			path = mhTests;
			sourceTree = "<group>";
		};
		ABAD63CA1C90163D00067484 /* mhUITests */ = {
			isa = PBXGroup;
			children = (
				ABAD63CB1C90163D00067484 /* mhUITests.swift */,
				ABAD63CD1C90163D00067484 /* Info.plist */,
			);
			path = mhUITests;
			sourceTree = "<group>";
		};
/* End PBXGroup section */

/* Begin PBXNativeTarget section */
		ABAD63A71C90163D00067484 /* mh */ = {
			isa = PBXNativeTarget;
			buildConfigurationList = ABAD63D01C90163D00067484 /* Build configuration list for PBXNativeTarget "mh" */;
			buildPhases = (
				ABAD63A41C90163D00067484 /* Sources */,
				ABAD63A51C90163D00067484 /* Frameworks */,
				ABAD63A61C90163D00067484 /* Resources */,
			);
			buildRules = (
			);
			dependencies = (
			);
			name = mh;
			productName = mh;
			productReference = ABAD63A81C90163D00067484 /* mh.app */;
			productType = "com.apple.product-type.application";
		};
		ABAD63BB1C90163D00067484 /* mhTests */ = {
			isa = PBXNativeTarget;
			buildConfigurationList = ABAD63D31C90163D00067484 /* Build configuration list for PBXNativeTarget "mhTests" */;
			buildPhases = (
				ABAD63B81C90163D00067484 /* Sources */,
				ABAD63B91C90163D00067484 /* Frameworks */,
				ABAD63BA1C90163D00067484 /* Resources */,
			);
			buildRules = (
			);
			dependencies = (
				ABAD63BE1C90163D00067484 /* PBXTargetDependency */,
			);
			name = mhTests;
			productName = mhTests;
			productReference = ABAD63BC1C90163D00067484 /* mhTests.xctest */;
			productType = "com.apple.product-type.bundle.unit-test";
		};
		ABAD63C61C90163D00067484 /* mhUITests */ = {
			isa = PBXNativeTarget;
			buildConfigurationList = ABAD63D61C90163D00067484 /* Build configuration list for PBXNativeTarget "mhUITests" */;
			buildPhases = (
				ABAD63C31C90163D00067484 /* Sources */,
				ABAD63C41C90163D00067484 /* Frameworks */,
				ABAD63C51C90163D00067484 /* Resources */,
			);
			buildRules = (
			);
			dependencies = (
				ABAD63C91C90163D00067484 /* PBXTargetDependency */,
			);
			name = mhUITests;
			productName = mhUITests;
			productReference = ABAD63C71C90163D00067484 /* mhUITests.xctest */;
			productType = "com.apple.product-type.bundle.ui-testing";
		};
/* End PBXNativeTarget section */

/* Begin PBXProject section */
		ABAD63A01C90163D00067484 /* Project object */ = {
			isa = PBXProject;
			attributes = {
				LastSwiftUpdateCheck = 0720;
				LastUpgradeCheck = 0720;
				ORGANIZATIONNAME = itjh;
				TargetAttributes = {
					ABAD63A71C90163D00067484 = {
						CreatedOnToolsVersion = 7.2.1;
						DevelopmentTeam = 587PLL658T;
					};
					ABAD63BB1C90163D00067484 = {
						CreatedOnToolsVersion = 7.2.1;
						TestTargetID = ABAD63A71C90163D00067484;
					};
					ABAD63C61C90163D00067484 = {
						CreatedOnToolsVersion = 7.2.1;
						TestTargetID = ABAD63A71C90163D00067484;
					};
				};
			};
			buildConfigurationList = ABAD63A31C90163D00067484 /* Build configuration list for PBXProject "mh" */;
			compatibilityVersion = "Xcode 3.2";
			developmentRegion = English;
			hasScannedForEncodings = 0;
			knownRegions = (
				en,
				Base,
			);
			mainGroup = ABAD639F1C90163D00067484;
			productRefGroup = ABAD63A91C90163D00067484 /* Products */;
			projectDirPath = "";
			projectRoot = "";
			targets = (
				ABAD63A71C90163D00067484 /* mh */,
				ABAD63BB1C90163D00067484 /* mhTests */,
				ABAD63C61C90163D00067484 /* mhUITests */,
			);
		};
/* End PBXProject section */

/* Begin PBXResourcesBuildPhase section */
		ABAD63A61C90163D00067484 /* Resources */ = {
			isa = PBXResourcesBuildPhase;
			buildActionMask = 2147483647;
			files = (
				ABAD63B61C90163D00067484 /* LaunchScreen.storyboard in Resources */,
				ABAD63B31C90163D00067484 /* Assets.xcassets in Resources */,
				ABAD63B11C90163D00067484 /* Main.storyboard in Resources */,
			);
			runOnlyForDeploymentPostprocessing = 0;
		};
		ABAD63BA1C90163D00067484 /* Resources */ = {
			isa = PBXResourcesBuildPhase;
			buildActionMask = 2147483647;
			files = (
			);
			runOnlyForDeploymentPostprocessing = 0;
		};
		ABAD63C51C90163D00067484 /* Resources */ = {
			isa = PBXResourcesBuildPhase;
			buildActionMask = 2147483647;
			files = (
			);
			runOnlyForDeploymentPostprocessing = 0;
		};
/* End PBXResourcesBuildPhase section */

/* Begin PBXSourcesBuildPhase section */
		ABAD63A41C90163D00067484 /* Sources */ = {
			isa = PBXSourcesBuildPhase;
			buildActionMask = 2147483647;
			files = (
				ABAD63AE1C90163D00067484 /* ViewController.swift in Sources */,
				ABAD63AC1C90163D00067484 /* AppDelegate.swift in Sources */,
			);
			runOnlyForDeploymentPostprocessing = 0;
		};
		ABAD63B81C90163D00067484 /* Sources */ = {
			isa = PBXSourcesBuildPhase;
			buildActionMask = 2147483647;
			files = (
				ABAD63C11C90163D00067484 /* mhTests.swift in Sources */,
			);
			runOnlyForDeploymentPostprocessing = 0;
		};
		ABAD63C31C90163D00067484 /* Sources */ = {
			isa = PBXSourcesBuildPhase;
			buildActionMask = 2147483647;
			files = (
				ABAD63CC1C90163D00067484 /* mhUITests.swift in Sources */,
			);
			runOnlyForDeploymentPostprocessing = 0;
		};
/* End PBXSourcesBuildPhase section */

/* Begin PBXTargetDependency section */
		ABAD63BE1C90163D00067484 /* PBXTargetDependency */ = {
			isa = PBXTargetDependency;
			target = ABAD63A71C90163D00067484 /* mh */;
			targetProxy = ABAD63BD1C90163D00067484 /* PBXContainerItemProxy */;
		};
		ABAD63C91C90163D00067484 /* PBXTargetDependency */ = {
			isa = PBXTargetDependency;
			target = ABAD63A71C90163D00067484 /* mh */;
			targetProxy = ABAD63C81C90163D00067484 /* PBXContainerItemProxy */;
		};
/* End PBXTargetDependency section */

/* Begin PBXVariantGroup section */
		ABAD63AF1C90163D00067484 /* Main.storyboard */ = {
			isa = PBXVariantGroup;
			children = (
				ABAD63B01C90163D00067484 /* Base */,
			);
			name = Main.storyboard;
			sourceTree = "<group>";
		};
		ABAD63B41C90163D00067484 /* LaunchScreen.storyboard */ = {
			isa = PBXVariantGroup;
			children = (
				ABAD63B51C90163D00067484 /* Base */,
			);
			name = LaunchScreen.storyboard;
			sourceTree = "<group>";
		};
/* End PBXVariantGroup section */

/* Begin XCBuildConfiguration section */
		ABAD63CE1C90163D00067484 /* Debug */ = {
			isa = XCBuildConfiguration;
			buildSettings = {
				ALWAYS_SEARCH_USER_PATHS = NO;
				CLANG_CXX_LANGUAGE_STANDARD = "gnu++0x";
				CLANG_CXX_LIBRARY = "libc++";
				CLANG_ENABLE_MODULES = YES;
				CLANG_ENABLE_OBJC_ARC = YES;
				CLANG_WARN_BOOL_CONVERSION = YES;
				CLANG_WARN_CONSTANT_CONVERSION = YES;
				CLANG_WARN_DIRECT_OBJC_ISA_USAGE = YES_ERROR;
				CLANG_WARN_EMPTY_BODY = YES;
				CLANG_WARN_ENUM_CONVERSION = YES;
				CLANG_WARN_INT_CONVERSION = YES;
				CLANG_WARN_OBJC_ROOT_CLASS = YES_ERROR;
				CLANG_WARN_UNREACHABLE_CODE = YES;
				CLANG_WARN__DUPLICATE_METHOD_MATCH = YES;
				"CODE_SIGN_IDENTITY[sdk=iphoneos*]" = "iPhone Developer";
				COPY_PHASE_STRIP = NO;
				DEBUG_INFORMATION_FORMAT = dwarf;
				ENABLE_STRICT_OBJC_MSGSEND = YES;
				ENABLE_TESTABILITY = YES;
				GCC_C_LANGUAGE_STANDARD = gnu99;
				GCC_DYNAMIC_NO_PIC = NO;
				GCC_NO_COMMON_BLOCKS = YES;
				GCC_OPTIMIZATION_LEVEL = 0;
				GCC_PREPROCESSOR_DEFINITIONS = (
					"DEBUG=1",
					"$(inherited)",
				);
				GCC_WARN_64_TO_32_BIT_CONVERSION = YES;
				GCC_WARN_ABOUT_RETURN_TYPE = YES_ERROR;
				GCC_WARN_UNDECLARED_SELECTOR = YES;
				GCC_WARN_UNINITIALIZED_AUTOS = YES_AGGRESSIVE;
				GCC_WARN_UNUSED_FUNCTION = YES;
				GCC_WARN_UNUSED_VARIABLE = YES;
				IPHONEOS_DEPLOYMENT_TARGET = 9.2;
				MTL_ENABLE_DEBUG_INFO = YES;
				ONLY_ACTIVE_ARCH = YES;
				SDKROOT = iphoneos;
				SWIFT_OPTIMIZATION_LEVEL = "-Onone";
			};
			name = Debug;
		};
		ABAD63CF1C90163D00067484 /* Release */ = {
			isa = XCBuildConfiguration;
			buildSettings = {
				ALWAYS_SEARCH_USER_PATHS = NO;
				CLANG_CXX_LANGUAGE_STANDARD = "gnu++0x";
				CLANG_CXX_LIBRARY = "libc++";
				CLANG_ENABLE_MODULES = YES;
				CLANG_ENABLE_OBJC_ARC = YES;
				CLANG_WARN_BOOL_CONVERSION = YES;
				CLANG_WARN_CONSTANT_CONVERSION = YES;
				CLANG_WARN_DIRECT_OBJC_ISA_USAGE = YES_ERROR;
				CLANG_WARN_EMPTY_BODY = YES;
				CLANG_WARN_ENUM_CONVERSION = YES;
				CLANG_WARN_INT_CONVERSION = YES;
				CLANG_WARN_OBJC_ROOT_CLASS = YES_ERROR;
				CLANG_WARN_UNREACHABLE_CODE = YES;
				CLANG_WARN__DUPLICATE_METHOD_MATCH = YES;
				"CODE_SIGN_IDENTITY[sdk=iphoneos*]" = "iPhone Developer";
				COPY_PHASE_STRIP = NO;
				DEBUG_INFORMATION_FORMAT = "dwarf-with-dsym";
				ENABLE_NS_ASSERTIONS = NO;
				ENABLE_STRICT_OBJC_MSGSEND = YES;
				GCC_C_LANGUAGE_STANDARD = gnu99;
				GCC_NO_COMMON_BLOCKS = YES;
				GCC_WARN_64_TO_32_BIT_CONVERSION = YES;
				GCC_WARN_ABOUT_RETURN_TYPE = YES_ERROR;
				GCC_WARN_UNDECLARED_SELECTOR = YES;
				GCC_WARN_UNINITIALIZED_AUTOS = YES_AGGRESSIVE;
				GCC_WARN_UNUSED_FUNCTION = YES;
				GCC_WARN_UNUSED_VARIABLE = YES;
				IPHONEOS_DEPLOYMENT_TARGET = 9.2;
				MTL_ENABLE_DEBUG_INFO = NO;
				SDKROOT = iphoneos;
				VALIDATE_PRODUCT = YES;
			};
			name = Release;
		};
		ABAD63D11C90163D00067484 /* Debug */ = {
			isa = XCBuildConfiguration;
			buildSettings = {
				ASSETCATALOG_COMPILER_APPICON_NAME = AppIcon;
				CODE_SIGN_IDENTITY = "iPhone Developer";
				INFOPLIST_FILE = mh/Info.plist;
				LD_RUNPATH_SEARCH_PATHS = "$(inherited) @executable_path/Frameworks";
				PRODUCT_BUNDLE_IDENTIFIER = net.itjh.mh;
				PRODUCT_NAME = "$(TARGET_NAME)";
			};
			name = Debug;
		};
		ABAD63D21C90163D00067484 /* Release */ = {
			isa = XCBuildConfiguration;
			buildSettings = {
				ASSETCATALOG_COMPILER_APPICON_NAME = AppIcon;
				CODE_SIGN_IDENTITY = "iPhone Developer";
				INFOPLIST_FILE = mh/Info.plist;
				LD_RUNPATH_SEARCH_PATHS = "$(inherited) @executable_path/Frameworks";
				PRODUCT_BUNDLE_IDENTIFIER = net.itjh.mh;
				PRODUCT_NAME = "$(TARGET_NAME)";
			};
			name = Release;
		};
		ABAD63D41C90163D00067484 /* Debug */ = {
			isa = XCBuildConfiguration;
			buildSettings = {
				BUNDLE_LOADER = "$(TEST_HOST)";
				INFOPLIST_FILE = mhTests/Info.plist;
				LD_RUNPATH_SEARCH_PATHS = "$(inherited) @executable_path/Frameworks @loader_path/Frameworks";
				PRODUCT_BUNDLE_IDENTIFIER = net.itjh.mhTests;
				PRODUCT_NAME = "$(TARGET_NAME)";
				TEST_HOST = "$(BUILT_PRODUCTS_DIR)/mh.app/mh";
			};
			name = Debug;
		};
		ABAD63D51C90163D00067484 /* Release */ = {
			isa = XCBuildConfiguration;
			buildSettings = {
				BUNDLE_LOADER = "$(TEST_HOST)";
				INFOPLIST_FILE = mhTests/Info.plist;
				LD_RUNPATH_SEARCH_PATHS = "$(inherited) @executable_path/Frameworks @loader_path/Frameworks";
				PRODUCT_BUNDLE_IDENTIFIER = net.itjh.mhTests;
				PRODUCT_NAME = "$(TARGET_NAME)";
				TEST_HOST = "$(BUILT_PRODUCTS_DIR)/mh.app/mh";
			};
			name = Release;
		};
		ABAD63D71C90163D00067484 /* Debug */ = {
			isa = XCBuildConfiguration;
			buildSettings = {
				INFOPLIST_FILE = mhUITests/Info.plist;
				LD_RUNPATH_SEARCH_PATHS = "$(inherited) @executable_path/Frameworks @loader_path/Frameworks";
				PRODUCT_BUNDLE_IDENTIFIER = net.itjh.mhUITests;
				PRODUCT_NAME = "$(TARGET_NAME)";
				TEST_TARGET_NAME = mh;
				USES_XCTRUNNER = YES;
			};
			name = Debug;
		};
		ABAD63D81C90163D00067484 /* Release */ = {
			isa = XCBuildConfiguration;
			buildSettings = {
				INFOPLIST_FILE = mhUITests/Info.plist;
				LD_RUNPATH_SEARCH_PATHS = "$(inherited) @executable_path/Frameworks @loader_path/Frameworks";
				PRODUCT_BUNDLE_IDENTIFIER = net.itjh.mhUITests;
				PRODUCT_NAME = "$(TARGET_NAME)";
				TEST_TARGET_NAME = mh;
				USES_XCTRUNNER = YES;
			};
			name = Release;
		};
/* End XCBuildConfiguration section */

/* Begin XCConfigurationList section */
		ABAD63A31C90163D00067484 /* Build configuration list for PBXProject "mh" */ = {
			isa = XCConfigurationList;
			buildConfigurations = (
				ABAD63CE1C90163D00067484 /* Debug */,
				ABAD63CF1C90163D00067484 /* Release */,
			);
			defaultConfigurationIsVisible = 0;
			defaultConfigurationName = Release;
		};
		ABAD63D01C90163D00067484 /* Build configuration list for PBXNativeTarget "mh" */ = {
			isa = XCConfigurationList;
			buildConfigurations = (
				ABAD63D11C90163D00067484 /* Debug */,
				ABAD63D21C90163D00067484 /* Release */,
			);
			defaultConfigurationIsVisible = 0;
		};
		ABAD63D31C90163D00067484 /* Build configuration list for PBXNativeTarget "mhTests" */ = {
			isa = XCConfigurationList;
			buildConfigurations = (
				ABAD63D41C90163D00067484 /* Debug */,
				ABAD63D51C90163D00067484 /* Release */,
			);
			defaultConfigurationIsVisible = 0;
		};
		ABAD63D61C90163D00067484 /* Build configuration list for PBXNativeTarget "mhUITests" */ = {
			isa = XCConfigurationList;
			buildConfigurations = (
				ABAD63D71C90163D00067484 /* Debug */,
				ABAD63D81C90163D00067484 /* Release */,
			);
			defaultConfigurationIsVisible = 0;
		};
/* End XCConfigurationList section */
	};
	rootObject = ABAD63A01C90163D00067484 /* Project object */;
}
